<?xml version="1.0" encoding="utf-8"?>
<Project ToolsVersion="4.0" xmlns="http://schemas.microsoft.com/developer/msbuild/2003">
  <ItemGroup>
    <Filter Include="源文件">
      <UniqueIdentifier>{4FC737F1-C7A5-4376-A066-2A32D752A2FF}</UniqueIdentifier>
      <Extensions>cpp;c;cc;cxx;def;odl;idl;hpj;bat;asm;asmx</Extensions>
    </Filter>
    <Filter Include="头文件">
      <UniqueIdentifier>{93995380-89BD-4b04-88EB-625FBE52EBFB}</UniqueIdentifier>
      <Extensions>h;hh;hpp;hxx;hm;inl;inc;xsd</Extensions>
    </Filter>
    <Filter Include="资源文件">
      <UniqueIdentifier>{67DA6AB6-F800-4c08-8B7A-83BB121AAD01}</UniqueIdentifier>
      <Extensions>rc;ico;cur;bmp;dlg;rc2;rct;bin;rgs;gif;jpg;jpeg;jpe;resx;tiff;tif;png;wav;mfcribbon-ms</Extensions>
    </Filter>
  </ItemGroup>
  <ItemGroup>
    <Text Include="ReadMe.txt" />
  </ItemGroup>
  <ItemGroup>
    <ClInclude Include="BMAlgoDev.h">
      <Filter>头文件</Filter>
    </ClInclude>
    <ClInclude Include="stdafx.h">
      <Filter>头文件</Filter>
    </ClInclude>
    <ClInclude Include="targetver.h">
      <Filter>头文件</Filter>
    </ClInclude>
    <ClInclude Include="MainFrm.h">
      <Filter>头文件</Filter>
    </ClInclude>
    <ClInclude Include="BMAlgoDevDoc.h">
      <Filter>头文件</Filter>
    </ClInclude>
    <ClInclude Include="BMAlgoDevView.h">
      <Filter>头文件</Filter>
    </ClInclude>
    <ClInclude Include="Resource.h">
      <Filter>头文件</Filter>
    </ClInclude>
    <ClInclude Include="MyGdiPlus.h">
      <Filter>头文件</Filter>
    </ClInclude>
    <ClInclude Include="MyTimercount.h">
      <Filter>头文件</Filter>
    </ClInclude>
    <ClInclude Include="VisAlg2DBase.h">
      <Filter>头文件</Filter>
    </ClInclude>
    <ClInclude Include="BmSocketLocatingCoarse.h">
      <Filter>头文件</Filter>
    </ClInclude>
    <ClInclude Include="BmDUTTrayLocation.h">
      <Filter>头文件</Filter>
    </ClInclude>
    <ClInclude Include="BmErrorCode.h">
      <Filter>头文件</Filter>
    </ClInclude>
    <ClInclude Include="BmSocketLocation.h">
      <Filter>头文件</Filter>
    </ClInclude>
    <ClInclude Include="ViType.h">
      <Filter>头文件</Filter>
    </ClInclude>
    <ClInclude Include="BmPocketLocation.h">
      <Filter>头文件</Filter>
    </ClInclude>
    <ClInclude Include="Vis_assist.h">
      <Filter>头文件</Filter>
    </ClInclude>
    <ClInclude Include="BmTrayLocation.h">
      <Filter>头文件</Filter>
    </ClInclude>
    <ClInclude Include="BmSocketStatus.h">
      <Filter>头文件</Filter>
    </ClInclude>
    <ClInclude Include="BmDUTSocketLocation.h">
      <Filter>头文件</Filter>
    </ClInclude>
    <ClInclude Include="BmPocketStatus.h">
      <Filter>头文件</Filter>
    </ClInclude>
    <ClInclude Include="BmSocketLockStatus.h">
      <Filter>头文件</Filter>
    </ClInclude>
    <ClInclude Include="Dut.h">
      <Filter>头文件</Filter>
    </ClInclude>
    <ClInclude Include="BmDUTTrayRecognization.h">
      <Filter>头文件</Filter>
    </ClInclude>
    <ClInclude Include="AaAlgorithm.h">
      <Filter>头文件</Filter>
    </ClInclude>
    <ClInclude Include="VisAlgBlob.h">
      <Filter>头文件</Filter>
    </ClInclude>
  </ItemGroup>
  <ItemGroup>
    <ClCompile Include="BMAlgoDev.cpp">
      <Filter>源文件</Filter>
    </ClCompile>
    <ClCompile Include="stdafx.cpp">
      <Filter>源文件</Filter>
    </ClCompile>
    <ClCompile Include="MainFrm.cpp">
      <Filter>源文件</Filter>
    </ClCompile>
    <ClCompile Include="BMAlgoDevDoc.cpp">
      <Filter>源文件</Filter>
    </ClCompile>
    <ClCompile Include="BMAlgoDevView.cpp">
      <Filter>源文件</Filter>
    </ClCompile>
    <ClCompile Include="MyGdiPlus.cpp">
      <Filter>源文件</Filter>
    </ClCompile>
    <ClCompile Include="MyTimercount.cpp">
      <Filter>源文件</Filter>
    </ClCompile>
    <ClCompile Include="VisAlg2DBase.cpp">
      <Filter>源文件</Filter>
    </ClCompile>
    <ClCompile Include="BmSocketLocatingCoarse.cpp">
      <Filter>源文件</Filter>
    </ClCompile>
    <ClCompile Include="BmDUTTrayLocation.cpp">
      <Filter>源文件</Filter>
    </ClCompile>
    <ClCompile Include="BmSocketLocation.cpp">
      <Filter>源文件</Filter>
    </ClCompile>
    <ClCompile Include="BmPocketLocation.cpp">
      <Filter>源文件</Filter>
    </ClCompile>
    <ClCompile Include="Vis_assist.cpp">
      <Filter>源文件</Filter>
    </ClCompile>
    <ClCompile Include="BmTrayLocation.cpp">
      <Filter>源文件</Filter>
    </ClCompile>
    <ClCompile Include="BmDUTSocketLocation.cpp">
      <Filter>源文件</Filter>
    </ClCompile>
    <ClCompile Include="BmSocketStatus.cpp">
      <Filter>源文件</Filter>
    </ClCompile>
    <ClCompile Include="BmPocketStatus.cpp">
      <Filter>源文件</Filter>
    </ClCompile>
    <ClCompile Include="BmSocketLockStatus.cpp">
      <Filter>源文件</Filter>
    </ClCompile>
    <ClCompile Include="Dutcpp.cpp">
      <Filter>源文件</Filter>
    </ClCompile>
    <ClCompile Include="BmDUTTrayRecognization.cpp">
      <Filter>源文件</Filter>
    </ClCompile>
    <ClCompile Include="AaAlgorithm.cpp">
      <Filter>源文件</Filter>
    </ClCompile>
    <ClCompile Include="VisAlgBlob.cpp">
      <Filter>源文件</Filter>
    </ClCompile>
  </ItemGroup>
  <ItemGroup>
    <ResourceCompile Include="BMAlgoDev.rc">
      <Filter>资源文件</Filter>
    </ResourceCompile>
  </ItemGroup>
  <ItemGroup>
    <None Include="res\BMAlgoDev.rc2">
      <Filter>资源文件</Filter>
    </None>
  </ItemGroup>
  <ItemGroup>
    <Image Include="res\BMAlgoDevDoc.ico">
      <Filter>资源文件</Filter>
    </Image>
    <Image Include="res\BMAlgoDev.ico">
      <Filter>资源文件</Filter>
    </Image>
    <Image Include="res\Toolbar.bmp">
      <Filter>资源文件</Filter>
    </Image>
  </ItemGroup>
</Project>